
Microsoft Visual Studio Solution File, Format Version 12.00
# Visual Studio Version 17
VisualStudioVersion = 17.10.34825.169
MinimumVisualStudioVersion = 10.0.40219.1
Project("{9A19103F-16F7-4668-BE54-9A1E7A4F7556}") = "Domain", "Domain\Domain.csproj", "{EFF2C4F4-AC61-4BA7-BA98-444169F683B3}"
EndProject
Project("{9A19103F-16F7-4668-BE54-9A1E7A4F7556}") = "Infrastructure", "Infrastructure\Infrastructure.csproj", "{33D99D6A-0DD9-47DA-A753-A0B30B9A6A70}"
EndProject
Project("{9A19103F-16F7-4668-BE54-9A1E7A4F7556}") = "Application", "Application\Application.csproj", "{389E7A62-831C-4B46-8AE5-0C2124F60A4D}"
EndProject
Project("{9A19103F-16F7-4668-BE54-9A1E7A4F7556}") = "Host", "Host\Host.csproj", "{DFF3B08B-33DE-4B2E-A1EA-4E7DAD038F2A}"
EndProject
Project("{FAE04EC0-301F-11D3-BF4B-00C04F79EFBC}") = "BlazorApp", "BlazorApp\BlazorApp.csproj", "{2FC5BC24-F906-42E2-B992-412A67E28212}"
EndProject
Global
	GlobalSection(SolutionConfigurationPlatforms) = preSolution
		Debug|Any CPU = Debug|Any CPU
		Release|Any CPU = Release|Any CPU
	EndGlobalSection
	GlobalSection(ProjectConfigurationPlatforms) = postSolution
		{EFF2C4F4-AC61-4BA7-BA98-444169F683B3}.Debug|Any CPU.ActiveCfg = Debug|Any CPU
		{EFF2C4F4-AC61-4BA7-BA98-444169F683B3}.Debug|Any CPU.Build.0 = Debug|Any CPU
		{EFF2C4F4-AC61-4BA7-BA98-444169F683B3}.Release|Any CPU.ActiveCfg = Release|Any CPU
		{EFF2C4F4-AC61-4BA7-BA98-444169F683B3}.Release|Any CPU.Build.0 = Release|Any CPU
		{33D99D6A-0DD9-47DA-A753-A0B30B9A6A70}.Debug|Any CPU.ActiveCfg = Debug|Any CPU
		{33D99D6A-0DD9-47DA-A753-A0B30B9A6A70}.Debug|Any CPU.Build.0 = Debug|Any CPU
		{33D99D6A-0DD9-47DA-A753-A0B30B9A6A70}.Release|Any CPU.ActiveCfg = Release|Any CPU
		{33D99D6A-0DD9-47DA-A753-A0B30B9A6A70}.Release|Any CPU.Build.0 = Release|Any CPU
		{389E7A62-831C-4B46-8AE5-0C2124F60A4D}.Debug|Any CPU.ActiveCfg = Debug|Any CPU
		{389E7A62-831C-4B46-8AE5-0C2124F60A4D}.Debug|Any CPU.Build.0 = Debug|Any CPU
		{389E7A62-831C-4B46-8AE5-0C2124F60A4D}.Release|Any CPU.ActiveCfg = Release|Any CPU
		{389E7A62-831C-4B46-8AE5-0C2124F60A4D}.Release|Any CPU.Build.0 = Release|Any CPU
		{DFF3B08B-33DE-4B2E-A1EA-4E7DAD038F2A}.Debug|Any CPU.ActiveCfg = Debug|Any CPU
		{DFF3B08B-33DE-4B2E-A1EA-4E7DAD038F2A}.Debug|Any CPU.Build.0 = Debug|Any CPU
		{DFF3B08B-33DE-4B2E-A1EA-4E7DAD038F2A}.Release|Any CPU.ActiveCfg = Release|Any CPU
		{DFF3B08B-33DE-4B2E-A1EA-4E7DAD038F2A}.Release|Any CPU.Build.0 = Release|Any CPU
		{2FC5BC24-F906-42E2-B992-412A67E28212}.Debug|Any CPU.ActiveCfg = Debug|Any CPU
		{2FC5BC24-F906-42E2-B992-412A67E28212}.Debug|Any CPU.Build.0 = Debug|Any CPU
		{2FC5BC24-F906-42E2-B992-412A67E28212}.Release|Any CPU.ActiveCfg = Release|Any CPU
		{2FC5BC24-F906-42E2-B992-412A67E28212}.Release|Any CPU.Build.0 = Release|Any CPU
	EndGlobalSection
	GlobalSection(SolutionProperties) = preSolution
		HideSolutionNode = FALSE
	EndGlobalSection
	GlobalSection(ExtensibilityGlobals) = postSolution
		SolutionGuid = {5E2C3A49-3CB6-4F67-BDBF-026743FC40F6}
	EndGlobalSection
EndGlobal
